{
  "originHash" : "3f6ba7b0ad6acff32b4bb7c964dd297d5f0594b5bea449eabcf4edbe1eede094",
  "pins" : [
    {
      "identity" : "swift-syntax",
      "kind" : "remoteSourceControl",
      "location" : "https://github.com/swiftlang/swift-syntax.git",
      "state" : {
        "revision" : "4c6cc0a3b9e8f14b3ae2307c5ccae4de6167ac2c",
        "version" : "600.0.0-prerelease-2024-06-12"
      }
    },
    {
      "identity" : "swift-testing",
      "kind" : "remoteSourceControl",
      "location" : "https://github.com/apple/swift-testing.git",
      "state" : {
        "branch" : "main",
        "revision" : "1b7dba98f20a0b9731378f385b9baa085949e52b"
      }
    }
  ],
  "version" : 3
}
